{
  "name": "uptime-bot",
  "version": "1.0.0",
  "lockfileVersion": 2,
  "requires": true,
  "packages": {
    "": {
      "version": "1.0.0",
      "resolved": "https://registry.npmjs.org/uptime-bot/-/uptime-bot-1.0.0.tgz",
      "integrity": "sha512-...",
      "dev": true,
      "dependencies": {
        "discord.js": "^14.0.0",
        "croxydb": "^0.1.1",
        "node-fetch": "^2.6.1"
      }
    },
    "discord.js": {
      "version": "14.0.0",
      "resolved": "https://registry.npmjs.org/discord.js/-/discord.js-14.0.0.tgz",
      "integrity": "sha512-...",
      "dev": true,
      "dependencies": {
        // Discord.js bağımlılıkları burada listelenir
      }
    },
    "croxydb": {
      "version": "0.1.1",
      "resolved": "https://registry.npmjs.org/croxydb/-/croxydb-0.1.1.tgz",
      "integrity": "sha512-...",
      "dev": true,
      "dependencies": {
        // CroxyDB bağımlılıkları burada listelenir
      }
    },
    "node-fetch": {
      "version": "2.6.1",
      "resolved": "https://registry.npmjs.org/node-fetch/-/node-fetch-2.6.1.tgz",
      "integrity": "sha512-...",
      "dev": true,
      "dependencies": {
        // node-fetch bağımlılıkları burada listelenir
      }
    }
  }
}
